
Microsoft Visual Studio Solution File, Format Version 12.00
# Visual Studio Version 17
VisualStudioVersion = 17.2.32630.192
MinimumVisualStudioVersion = 10.0.40219.1
Project("{FAE04EC0-301F-11D3-BF4B-00C04F79EFBC}") = "Day15BinarySearchTree", "Day15BinarySearchTree\Day15BinarySearchTree.csproj", "{E9988EB8-3D5B-4931-93AC-D83D7E873BBF}"
EndProject
Global
	GlobalSection(SolutionConfigurationPlatforms) = preSolution
		Debug|Any CPU = Debug|Any CPU
		Release|Any CPU = Release|Any CPU
	EndGlobalSection
	GlobalSection(ProjectConfigurationPlatforms) = postSolution
		{E9988EB8-3D5B-4931-93AC-D83D7E873BBF}.Debug|Any CPU.ActiveCfg = Debug|Any CPU
		{E9988EB8-3D5B-4931-93AC-D83D7E873BBF}.Debug|Any CPU.Build.0 = Debug|Any CPU
		{E9988EB8-3D5B-4931-93AC-D83D7E873BBF}.Release|Any CPU.ActiveCfg = Release|Any CPU
		{E9988EB8-3D5B-4931-93AC-D83D7E873BBF}.Release|Any CPU.Build.0 = Release|Any CPU
	EndGlobalSection
	GlobalSection(SolutionProperties) = preSolution
		HideSolutionNode = FALSE
	EndGlobalSection
	GlobalSection(ExtensibilityGlobals) = postSolution
		SolutionGuid = {CC0894BE-525C-424B-80BC-1D9E43ABEDAD}
	EndGlobalSection
EndGlobal
